
Microsoft Visual Studio Solution File, Format Version 12.00
# Visual Studio Version 17
VisualStudioVersion = 17.3.32819.101
MinimumVisualStudioVersion = 10.0.40219.1
Project("{FAE04EC0-301F-11D3-BF4B-00C04F79EFBC}") = "AplicatieConcediu", "AplicatieConcediu\AplicatieConcediu.csproj", "{BBB0DC31-1788-4DE0-9425-C85B8E537C9D}"
EndProject
Global
	GlobalSection(SolutionConfigurationPlatforms) = preSolution
		Debug|Any CPU = Debug|Any CPU
		Release|Any CPU = Release|Any CPU
	EndGlobalSection
	GlobalSection(ProjectConfigurationPlatforms) = postSolution
		{BBB0DC31-1788-4DE0-9425-C85B8E537C9D}.Debug|Any CPU.ActiveCfg = Debug|Any CPU
		{BBB0DC31-1788-4DE0-9425-C85B8E537C9D}.Debug|Any CPU.Build.0 = Debug|Any CPU
		{BBB0DC31-1788-4DE0-9425-C85B8E537C9D}.Release|Any CPU.ActiveCfg = Release|Any CPU
		{BBB0DC31-1788-4DE0-9425-C85B8E537C9D}.Release|Any CPU.Build.0 = Release|Any CPU
	EndGlobalSection
	GlobalSection(SolutionProperties) = preSolution
		HideSolutionNode = FALSE
	EndGlobalSection
	GlobalSection(ExtensibilityGlobals) = postSolution
		SolutionGuid = {82F46F14-50B9-48AE-AD75-58C08525DC23}
	EndGlobalSection
EndGlobal
